{
  "name": "HarukaProtect",
  "version": "1.2",
  "lockfileVersion": 2,
  "requires": true,
  "packages": {
    "": {
      "name": "HarukaProtect",
      "version": "1.2",
      "license": "ISC",
      "dependencies": {
        "discord-fetch-all": "^3.0.2",
        "discord-giveaways": "5.1.1",
        "discord.js": "^13.17.1",
        "discordjs-button-pagination": "^1.0.7",
        "fs": "^0.0.1-security",
        "hastebin-gen": "^2.0.5",
        "moment": "^2.29.1",
        "moment-duration": "^0.0.6",
        "moment-duration-format": "^2.3.2",
        "ms": "^3.0.0-canary.1",
        "quick.db": "^7.1.3"
      }
    },
    "node_modules/discord-fetch-all": {
      "version": "3.0.2",
      "resolved": "https://registry.npmjs.org/discord-fetch-all/-/discord-fetch-all-3.0.2.tgz",
      "integrity": "sha512-XYZ123...",
      "dependencies": {}
    },
    "node_modules/discord-giveaways": {
      "version": "5.1.1",
      "resolved": "https://registry.npmjs.org/discord-giveaways/-/discord-giveaways-5.1.1.tgz",
      "integrity": "sha512-XYZ123...",
      "dependencies": {}
    },
    "node_modules/discord.js": {
      "version": "13.17.1",
      "resolved": "https://registry.npmjs.org/discord.js/-/discord.js-13.17.1.tgz",
      "integrity": "sha512-XYZ123...",
      "dependencies": {}
    },
    "node_modules/discordjs-button-pagination": {
      "version": "1.0.7",
      "resolved": "https://registry.npmjs.org/discordjs-button-pagination/-/discordjs-button-pagination-1.0.7.tgz",
      "integrity": "sha512-XYZ123...",
      "dependencies": {}
    },
    "node_modules/fs": {
      "version": "0.0.1-security",
      "resolved": "https://registry.npmjs.org/fs/-/fs-0.0.1-security.tgz",
      "integrity": "sha512-XYZ123...",
      "dependencies": {}
    },
    "node_modules/hastebin-gen": {
      "version": "2.0.5",
      "resolved": "https://registry.npmjs.org/hastebin-gen/-/hastebin-gen-2.0.5.tgz",
      "integrity": "sha512-XYZ123...",
      "dependencies": {}
    },
    "node_modules/moment": {
      "version": "2.29.1",
      "resolved": "https://registry.npmjs.org/moment/-/moment-2.29.1.tgz",
      "integrity": "sha512-XYZ123...",
      "dependencies": {}
    },
    "node_modules/moment-duration": {
      "version": "0.0.6",
      "resolved": "https://registry.npmjs.org/moment-duration/-/moment-duration-0.0.6.tgz",
      "integrity": "sha512-XYZ123...",
      "dependencies": {}
    },
    "node_modules/moment-duration-format": {
      "version": "2.3.2",
      "resolved": "https://registry.npmjs.org/moment-duration-format/-/moment-duration-format-2.3.2.tgz",
      "integrity": "sha512-XYZ123...",
      "dependencies": {}
    },
    "node_modules/ms": {
      "version": "3.0.0-canary.1",
      "resolved": "https://registry.npmjs.org/ms/-/ms-3.0.0-canary.1.tgz",
      "integrity": "sha512-XYZ123...",
      "dependencies": {}
    },
    "node_modules/quick.db": {
      "version": "7.1.3",
      "resolved": "https://registry.npmjs.org/quick.db/-/quick.db-7.1.3.tgz",
      "integrity": "sha512-XYZ123...",
      "dependencies": {}
    }
  }
}
