{
  "name": "harukaprotect",
  "version": "1.2.0",
  "lockfileVersion": 2,
  "requires": true,
  "packages": {
    "": {
      "name": "harukaprotect",
      "version": "1.2.0",
      "license": "ISC",
      "dependencies": {
        "discord-fetch-all": "^3.0.2",
        "discord-giveaways": "5.1.1",
        "discord.js": "^13.17.1",
        "discordjs-button-pagination": "^1.0.7",
        "fs": "^0.0.1-security",
        "hastebin-gen": "^2.0.5",
        "moment": "^2.29.1",
        "moment-duration": "^0.0.6",
        "moment-duration-format": "^2.3.2",
        "ms": "^3.0.0-canary.1",
        "quick.db": "^7.1.3"
      }
    }
  },
  "dependencies": {
    "discord-fetch-all": {
      "version": "3.0.2",
      "resolved": "https://registry.npmjs.org/discord-fetch-all/-/discord-fetch-all-3.0.2.tgz",
      "integrity": "sha512-G8/y3UbiYbU1LxzhT3JUBsDGeuP3FzF7hKcoA4XmmNvexKkRnhM5QNHQJQpKlmAJ1lN7rS+m2x/cd1EqDHL83A=="
    },
    "discord-giveaways": {
      "version": "5.1.1",
      "resolved": "https://registry.npmjs.org/discord-giveaways/-/discord-giveaways-5.1.1.tgz",
      "integrity": "sha512-ZCccCq7FZyR6OhzASlT6y6I3khf3eK6QlxuX5g7v5PtM0a/9myG4prbV/5TcoRqStYx1um6FT3x4IZVRwHZ7Jg=="
    },
    "discord.js": {
      "version": "13.17.1",
      "resolved": "https://registry.npmjs.org/discord.js/-/discord.js-13.17.1.tgz",
      "integrity": "sha512-YXoExmX5kZ4h6whwMUkDFwLk7a/ytvOtmFsk5t4ZbJm60sWaHiA09f1AlxUMWCrfqTrV+yd3dWn4wb0XY3F9Cg=="
    },
    "discordjs-button-pagination": {
      "version": "1.0.7",
      "resolved": "https://registry.npmjs.org/discordjs-button-pagination/-/discordjs-button-pagination-1.0.7.tgz",
      "integrity": "sha512-QgS+kjTLh52zjRC77Z5oTo84J2RcCXc6zGv+Tph11LtX0plmXayLQK7zBDmqL/kUzVFXxzGQdyfZTneROgEy4g=="
    },
    "fs": {
      "version": "0.0.1-security",
      "resolved": "https://registry.npmjs.org/fs/-/fs-0.0.1-security.tgz",
      "integrity": "sha512-3hUzzpLQv/6aI1N1+FjQHnBpDnKjaQAnZr2R4Wv5CqA64S3mB5M3Chj5Rk6K8z3Njz7kP4hknfEnJbLOfShpdg=="
    },
    "hastebin-gen": {
      "version": "2.0.5",
      "resolved": "https://registry.npmjs.org/hastebin-gen/-/hastebin-gen-2.0.5.tgz",
      "integrity": "sha512-jZc4ujN2K8nP0jCBiZbXPrpLUWgfZ9yM9T0pXKgrPyZJqzQUy6uYvAyTvUGrDjWybrVCxFFiypqExR5pAJwb1Q=="
    },
    "moment": {
      "version": "2.29.1",
      "resolved": "https://registry.npmjs.org/moment/-/moment-2.29.1.tgz",
      "integrity": "sha512-k+3W0tRcdJzSdUgX5Swf9+iyYzHle94zJjH5VY3FZbwXycYohr8L9n8g9Vj2e+gtrD+jXLK5RZ8v7yC6vTjI9Q=="
    },
    "moment-duration": {
      "version": "0.0.6",
      "resolved": "https://registry.npmjs.org/moment-duration/-/moment-duration-0.0.6.tgz",
      "integrity": "sha512-58kvL5uhJ1dc8mPZ2yXlATlJUb21NUkSVi5HnGPv3SmS+JfFftz3MSbBzW1OXZ0fYrL6lJwLr1YtA39ZCv3N2Q=="
    },
    "moment-duration-format": {
      "version": "2.3.2",
      "resolved": "https://registry.npmjs.org/moment-duration-format/-/moment-duration-format-2.3.2.tgz",
      "integrity": "sha512-cbJ1U+N7oRpEIZ5P1Vq0W6EY6C1f2vZkRZ+WFa3nPihN+GpnJrRzPBt4Wy7R+zz+hdtjvFEC9V8Jd3RhgsxE8A=="
    },
    "ms": {
      "version": "3.0.0-canary.1",
      "resolved": "https://registry.npmjs.org/ms/-/ms-3.0.0-canary.1.tgz",
      "integrity": "sha512-dXDh3KpG93VbyS/1sCItfK5wMOBq1XIZ72l5kJXb5t4CeG3AK0/NZtRy6v7kTmuBxrTnjmVU8Gc7+TzEu3lgGQ=="
    },
    "quick.db": {
      "version": "7.1.3",
      "resolved": "https://registry.npmjs.org/quick.db/-/quick.db-7.1.3.tgz",
      "integrity": "sha512-7U2AXsMSsLQWWaTtZK7u2O1VbYjZoSHQbJbMzy7V7P7R7MUVH86cLq8Cvv8c5yQ6Zc4r5CM4C5pZ5JZKKX1Ivw=="
    }
  }
}
